
Microsoft Visual Studio Solution File, Format Version 12.00
# Visual Studio Version 16
VisualStudioVersion = 16.0.30011.22
MinimumVisualStudioVersion = 10.0.40219.1
Project("{F184B08F-C81C-45F6-A57F-5ABD9991F28F}") = "hidrobio", "hidrobio.vbproj", "{CD8E53D2-B177-494B-AE08-1CEEF98E43D7}"
EndProject
Project("{F184B08F-C81C-45F6-A57F-5ABD9991F28F}") = "hidrobioWF", "..\hidrobioWF\hidrobioWF.vbproj", "{0B506217-E5D8-4088-825F-C6EF27F0C199}"
EndProject
Project("{F184B08F-C81C-45F6-A57F-5ABD9991F28F}") = "HidrobioWS", "..\HidrobioWS\HidrobioWS.vbproj", "{E283D5F5-F8CF-43F7-9BB9-3316A0B42854}"
EndProject
Project("{F184B08F-C81C-45F6-A57F-5ABD9991F28F}") = "hidrobioMVC", "..\hidrobioMVC\hidrobioMVC.vbproj", "{D3D5CCF5-E1EA-4596-A47C-C1F74ED79798}"
EndProject
Global
	GlobalSection(SolutionConfigurationPlatforms) = preSolution
		Debug|Any CPU = Debug|Any CPU
		Release|Any CPU = Release|Any CPU
	EndGlobalSection
	GlobalSection(ProjectConfigurationPlatforms) = postSolution
		{CD8E53D2-B177-494B-AE08-1CEEF98E43D7}.Debug|Any CPU.ActiveCfg = Debug|Any CPU
		{CD8E53D2-B177-494B-AE08-1CEEF98E43D7}.Debug|Any CPU.Build.0 = Debug|Any CPU
		{CD8E53D2-B177-494B-AE08-1CEEF98E43D7}.Release|Any CPU.ActiveCfg = Release|Any CPU
		{CD8E53D2-B177-494B-AE08-1CEEF98E43D7}.Release|Any CPU.Build.0 = Release|Any CPU
		{0B506217-E5D8-4088-825F-C6EF27F0C199}.Debug|Any CPU.ActiveCfg = Debug|Any CPU
		{0B506217-E5D8-4088-825F-C6EF27F0C199}.Debug|Any CPU.Build.0 = Debug|Any CPU
		{0B506217-E5D8-4088-825F-C6EF27F0C199}.Release|Any CPU.ActiveCfg = Release|Any CPU
		{0B506217-E5D8-4088-825F-C6EF27F0C199}.Release|Any CPU.Build.0 = Release|Any CPU
		{E283D5F5-F8CF-43F7-9BB9-3316A0B42854}.Debug|Any CPU.ActiveCfg = Debug|Any CPU
		{E283D5F5-F8CF-43F7-9BB9-3316A0B42854}.Debug|Any CPU.Build.0 = Debug|Any CPU
		{E283D5F5-F8CF-43F7-9BB9-3316A0B42854}.Release|Any CPU.ActiveCfg = Release|Any CPU
		{E283D5F5-F8CF-43F7-9BB9-3316A0B42854}.Release|Any CPU.Build.0 = Release|Any CPU
		{D3D5CCF5-E1EA-4596-A47C-C1F74ED79798}.Debug|Any CPU.ActiveCfg = Debug|Any CPU
		{D3D5CCF5-E1EA-4596-A47C-C1F74ED79798}.Debug|Any CPU.Build.0 = Debug|Any CPU
		{D3D5CCF5-E1EA-4596-A47C-C1F74ED79798}.Release|Any CPU.ActiveCfg = Release|Any CPU
		{D3D5CCF5-E1EA-4596-A47C-C1F74ED79798}.Release|Any CPU.Build.0 = Release|Any CPU
	EndGlobalSection
	GlobalSection(SolutionProperties) = preSolution
		HideSolutionNode = FALSE
	EndGlobalSection
	GlobalSection(ExtensibilityGlobals) = postSolution
		SolutionGuid = {B35166F8-79C4-4FA4-81BD-1B7F31A912A0}
	EndGlobalSection
EndGlobal
